
Microsoft Visual Studio Solution File, Format Version 12.00
# Visual Studio 15
VisualStudioVersion = 15.0.28010.2048
MinimumVisualStudioVersion = 10.0.40219.1
Project("{FAE04EC0-301F-11D3-BF4B-00C04F79EFBC}") = "TMDBClassLibrary", "TMDBClassLibrary\TMDBClassLibrary.csproj", "{19729F5C-6DF8-4C66-976A-56A53EF3E0AA}"
EndProject
Global
	GlobalSection(SolutionConfigurationPlatforms) = preSolution
		Debug|Any CPU = Debug|Any CPU
		Release|Any CPU = Release|Any CPU
	EndGlobalSection
	GlobalSection(ProjectConfigurationPlatforms) = postSolution
		{19729F5C-6DF8-4C66-976A-56A53EF3E0AA}.Debug|Any CPU.ActiveCfg = Debug|Any CPU
		{19729F5C-6DF8-4C66-976A-56A53EF3E0AA}.Debug|Any CPU.Build.0 = Debug|Any CPU
		{19729F5C-6DF8-4C66-976A-56A53EF3E0AA}.Release|Any CPU.ActiveCfg = Release|Any CPU
		{19729F5C-6DF8-4C66-976A-56A53EF3E0AA}.Release|Any CPU.Build.0 = Release|Any CPU
	EndGlobalSection
	GlobalSection(SolutionProperties) = preSolution
		HideSolutionNode = FALSE
	EndGlobalSection
	GlobalSection(ExtensibilityGlobals) = postSolution
		SolutionGuid = {B3492A16-CEA2-433D-9B64-5537E65EAF19}
	EndGlobalSection
EndGlobal
